
Microsoft Visual Studio Solution File, Format Version 12.00
# Visual Studio 15
VisualStudioVersion = 15.0.27130.2026
MinimumVisualStudioVersion = 10.0.40219.1
Project("{FAE04EC0-301F-11D3-BF4B-00C04F79EFBC}") = "SystemModels", "SystemModels\SystemModels.csproj", "{AA6ECB1F-B8AC-4C8D-840B-D8FD030D6CB8}"
EndProject
Project("{FAE04EC0-301F-11D3-BF4B-00C04F79EFBC}") = "SystemBusiness", "SystemBusiness\SystemBusiness.csproj", "{AF6F0955-9A7A-4F9D-9746-DF0BA50F87FF}"
EndProject
Project("{FAE04EC0-301F-11D3-BF4B-00C04F79EFBC}") = "XyOfficeSystem.DataLogic", "XyOfficeSystem.DataLogic\XyOfficeSystem.DataLogic.csproj", "{D99C65B1-0EBC-4CCC-A8EA-BF93C220157F}"
EndProject
Project("{FAE04EC0-301F-11D3-BF4B-00C04F79EFBC}") = "XyOfficeSystem.WebApp", "XyOfficeSystem\XyOfficeSystem.WebApp.csproj", "{585EE147-0998-43CA-A6C0-A6979C12D6BC}"
EndProject
Project("{FAE04EC0-301F-11D3-BF4B-00C04F79EFBC}") = "SystemRepair", "SystemRepair\SystemRepair.csproj", "{4CEEF001-307D-4879-9E29-B95933A699F6}"
EndProject
Project("{2150E333-8FDC-42A3-9474-1A3956D46DE8}") = "dll", "dll", "{316341AE-1DB7-42FA-B069-0D479B47C1D7}"
EndProject
Project("{FAE04EC0-301F-11D3-BF4B-00C04F79EFBC}") = "SystemTools", "SystemTools\SystemTools.csproj", "{8D853FBC-72FB-4BE9-A584-AB2B69608455}"
EndProject
Project("{FAE04EC0-301F-11D3-BF4B-00C04F79EFBC}") = "SqlDataBaseService", "SqlDataBaseService\SqlDataBaseService.csproj", "{17E0EA7F-575C-4F6B-B11A-067800E1E77B}"
EndProject
Project("{2150E333-8FDC-42A3-9474-1A3956D46DE8}") = "web", "web", "{7E435307-F8E6-4D18-8654-82019BE2EC48}"
EndProject
Project("{2150E333-8FDC-42A3-9474-1A3956D46DE8}") = "repair", "repair", "{CEF6F793-0C8B-437A-AFE6-DD808421D1F5}"
EndProject
Project("{2150E333-8FDC-42A3-9474-1A3956D46DE8}") = "base_service", "base_service", "{CAD1693F-4CF4-41BA-8CD6-6AC9AD16DF9C}"
EndProject
Project("{FAE04EC0-301F-11D3-BF4B-00C04F79EFBC}") = "Repair.Model", "Repair.Model\Repair.Model.csproj", "{91AAEB81-0FDB-414E-B79C-8BFC347A88ED}"
EndProject
Project("{FAE04EC0-301F-11D3-BF4B-00C04F79EFBC}") = "Repair.Business", "Repair.Business\Repair.Business.csproj", "{6D6A037A-26CC-4E13-8F54-72FD18DD3684}"
EndProject
Global
	GlobalSection(SolutionConfigurationPlatforms) = preSolution
		Debug|Any CPU = Debug|Any CPU
		Release|Any CPU = Release|Any CPU
	EndGlobalSection
	GlobalSection(ProjectConfigurationPlatforms) = postSolution
		{AA6ECB1F-B8AC-4C8D-840B-D8FD030D6CB8}.Debug|Any CPU.ActiveCfg = Debug|Any CPU
		{AA6ECB1F-B8AC-4C8D-840B-D8FD030D6CB8}.Debug|Any CPU.Build.0 = Debug|Any CPU
		{AA6ECB1F-B8AC-4C8D-840B-D8FD030D6CB8}.Release|Any CPU.ActiveCfg = Release|Any CPU
		{AA6ECB1F-B8AC-4C8D-840B-D8FD030D6CB8}.Release|Any CPU.Build.0 = Release|Any CPU
		{AF6F0955-9A7A-4F9D-9746-DF0BA50F87FF}.Debug|Any CPU.ActiveCfg = Debug|Any CPU
		{AF6F0955-9A7A-4F9D-9746-DF0BA50F87FF}.Debug|Any CPU.Build.0 = Debug|Any CPU
		{AF6F0955-9A7A-4F9D-9746-DF0BA50F87FF}.Release|Any CPU.ActiveCfg = Release|Any CPU
		{AF6F0955-9A7A-4F9D-9746-DF0BA50F87FF}.Release|Any CPU.Build.0 = Release|Any CPU
		{D99C65B1-0EBC-4CCC-A8EA-BF93C220157F}.Debug|Any CPU.ActiveCfg = Debug|Any CPU
		{D99C65B1-0EBC-4CCC-A8EA-BF93C220157F}.Debug|Any CPU.Build.0 = Debug|Any CPU
		{D99C65B1-0EBC-4CCC-A8EA-BF93C220157F}.Release|Any CPU.ActiveCfg = Release|Any CPU
		{D99C65B1-0EBC-4CCC-A8EA-BF93C220157F}.Release|Any CPU.Build.0 = Release|Any CPU
		{585EE147-0998-43CA-A6C0-A6979C12D6BC}.Debug|Any CPU.ActiveCfg = Debug|Any CPU
		{585EE147-0998-43CA-A6C0-A6979C12D6BC}.Debug|Any CPU.Build.0 = Debug|Any CPU
		{585EE147-0998-43CA-A6C0-A6979C12D6BC}.Release|Any CPU.ActiveCfg = Release|Any CPU
		{585EE147-0998-43CA-A6C0-A6979C12D6BC}.Release|Any CPU.Build.0 = Release|Any CPU
		{4CEEF001-307D-4879-9E29-B95933A699F6}.Debug|Any CPU.ActiveCfg = Debug|Any CPU
		{4CEEF001-307D-4879-9E29-B95933A699F6}.Debug|Any CPU.Build.0 = Debug|Any CPU
		{4CEEF001-307D-4879-9E29-B95933A699F6}.Release|Any CPU.ActiveCfg = Release|Any CPU
		{4CEEF001-307D-4879-9E29-B95933A699F6}.Release|Any CPU.Build.0 = Release|Any CPU
		{8D853FBC-72FB-4BE9-A584-AB2B69608455}.Debug|Any CPU.ActiveCfg = Debug|Any CPU
		{8D853FBC-72FB-4BE9-A584-AB2B69608455}.Debug|Any CPU.Build.0 = Debug|Any CPU
		{8D853FBC-72FB-4BE9-A584-AB2B69608455}.Release|Any CPU.ActiveCfg = Release|Any CPU
		{8D853FBC-72FB-4BE9-A584-AB2B69608455}.Release|Any CPU.Build.0 = Release|Any CPU
		{17E0EA7F-575C-4F6B-B11A-067800E1E77B}.Debug|Any CPU.ActiveCfg = Debug|Any CPU
		{17E0EA7F-575C-4F6B-B11A-067800E1E77B}.Debug|Any CPU.Build.0 = Debug|Any CPU
		{17E0EA7F-575C-4F6B-B11A-067800E1E77B}.Release|Any CPU.ActiveCfg = Release|Any CPU
		{17E0EA7F-575C-4F6B-B11A-067800E1E77B}.Release|Any CPU.Build.0 = Release|Any CPU
		{91AAEB81-0FDB-414E-B79C-8BFC347A88ED}.Debug|Any CPU.ActiveCfg = Debug|Any CPU
		{91AAEB81-0FDB-414E-B79C-8BFC347A88ED}.Debug|Any CPU.Build.0 = Debug|Any CPU
		{91AAEB81-0FDB-414E-B79C-8BFC347A88ED}.Release|Any CPU.ActiveCfg = Release|Any CPU
		{91AAEB81-0FDB-414E-B79C-8BFC347A88ED}.Release|Any CPU.Build.0 = Release|Any CPU
		{6D6A037A-26CC-4E13-8F54-72FD18DD3684}.Debug|Any CPU.ActiveCfg = Debug|Any CPU
		{6D6A037A-26CC-4E13-8F54-72FD18DD3684}.Debug|Any CPU.Build.0 = Debug|Any CPU
		{6D6A037A-26CC-4E13-8F54-72FD18DD3684}.Release|Any CPU.ActiveCfg = Release|Any CPU
		{6D6A037A-26CC-4E13-8F54-72FD18DD3684}.Release|Any CPU.Build.0 = Release|Any CPU
	EndGlobalSection
	GlobalSection(SolutionProperties) = preSolution
		HideSolutionNode = FALSE
	EndGlobalSection
	GlobalSection(NestedProjects) = preSolution
		{AA6ECB1F-B8AC-4C8D-840B-D8FD030D6CB8} = {7E435307-F8E6-4D18-8654-82019BE2EC48}
		{AF6F0955-9A7A-4F9D-9746-DF0BA50F87FF} = {7E435307-F8E6-4D18-8654-82019BE2EC48}
		{D99C65B1-0EBC-4CCC-A8EA-BF93C220157F} = {7E435307-F8E6-4D18-8654-82019BE2EC48}
		{585EE147-0998-43CA-A6C0-A6979C12D6BC} = {7E435307-F8E6-4D18-8654-82019BE2EC48}
		{4CEEF001-307D-4879-9E29-B95933A699F6} = {CEF6F793-0C8B-437A-AFE6-DD808421D1F5}
		{8D853FBC-72FB-4BE9-A584-AB2B69608455} = {CAD1693F-4CF4-41BA-8CD6-6AC9AD16DF9C}
		{17E0EA7F-575C-4F6B-B11A-067800E1E77B} = {CAD1693F-4CF4-41BA-8CD6-6AC9AD16DF9C}
		{91AAEB81-0FDB-414E-B79C-8BFC347A88ED} = {CEF6F793-0C8B-437A-AFE6-DD808421D1F5}
		{6D6A037A-26CC-4E13-8F54-72FD18DD3684} = {CEF6F793-0C8B-437A-AFE6-DD808421D1F5}
	EndGlobalSection
	GlobalSection(ExtensibilityGlobals) = postSolution
		SolutionGuid = {16FBD538-55B8-49A2-962F-52013DA4D937}
	EndGlobalSection
EndGlobal
